
Microsoft Visual Studio Solution File, Format Version 11.00
# Visual Studio 2010
Project("{FAE04EC0-301F-11D3-BF4B-00C04F79EFBC}") = "Mobile_game", "Assembly-CSharp.csproj", "{CFFEA020-2E9C-40C6-9337-5BBBE8727344}"
EndProject
Global
	GlobalSection(SolutionConfigurationPlatforms) = preSolution
		Debug|Any CPU = Debug|Any CPU
		Release|Any CPU = Release|Any CPU
	EndGlobalSection
	GlobalSection(ProjectConfigurationPlatforms) = postSolution
		{CFFEA020-2E9C-40C6-9337-5BBBE8727344}.Debug|Any CPU.ActiveCfg = Debug|Any CPU
		{CFFEA020-2E9C-40C6-9337-5BBBE8727344}.Debug|Any CPU.Build.0 = Debug|Any CPU
		{CFFEA020-2E9C-40C6-9337-5BBBE8727344}.Release|Any CPU.ActiveCfg = Release|Any CPU
		{CFFEA020-2E9C-40C6-9337-5BBBE8727344}.Release|Any CPU.Build.0 = Release|Any CPU
	EndGlobalSection
	GlobalSection(SolutionProperties) = preSolution
		HideSolutionNode = FALSE
	EndGlobalSection
	GlobalSection(MonoDevelopProperties) = preSolution
		StartupItem = Assembly-CSharp.csproj
	EndGlobalSection
EndGlobal
